// !$*UTF8*$!
{
	archiveVersion = 1;
	classes = {
	};
	objectVersion = 77;
	objects = {

/* Begin PBXBuildFile section */
		A10000012F5700010086FF5F /* DeviceActivityMonitorExtension.appex in Embed App Extensions */ = {isa = PBXBuildFile; fileRef = A10000312F5700010086FF5F /* DeviceActivityMonitorExtension.appex */; settings = {ATTRIBUTES = (CodeSignOnCopy, RemoveHeadersOnCopy, ); }; };
		A10000022F5700010086FF5F /* ShieldConfigurationExtension.appex in Embed App Extensions */ = {isa = PBXBuildFile; fileRef = A10000322F5700010086FF5F /* ShieldConfigurationExtension.appex */; settings = {ATTRIBUTES = (CodeSignOnCopy, RemoveHeadersOnCopy, ); }; };
		A10000032F5700010086FF5F /* ShieldActionExtension.appex in Embed App Extensions */ = {isa = PBXBuildFile; fileRef = A10000332F5700010086FF5F /* ShieldActionExtension.appex */; settings = {ATTRIBUTES = (CodeSignOnCopy, RemoveHeadersOnCopy, ); }; };
		A10000042F5700010086FF5F /* ../Shared/SharedStorage.swift in Sources */ = {isa = PBXBuildFile; fileRef = A10000372F5700010086FF5F /* ../Shared/SharedStorage.swift */; };
		A10000052F5700010086FF5F /* ../Shared/SharedStorage.swift in Sources */ = {isa = PBXBuildFile; fileRef = A100003B2F5700010086FF5F /* ../Shared/SharedStorage.swift */; };
		A10000062F5700010086FF5F /* ../Shared/SharedStorage.swift in Sources */ = {isa = PBXBuildFile; fileRef = A100003F2F5700010086FF5F /* ../Shared/SharedStorage.swift */; };
		BR000A42F5700010086FF5F /* ../Shared/BrandRGB.swift in Sources */ = {isa = PBXBuildFile; fileRef = BR000A52F5700010086FF5F /* ../Shared/BrandRGB.swift */; };
		BR000B42F5700010086FF5F /* ../Shared/BrandRGB.swift in Sources */ = {isa = PBXBuildFile; fileRef = BR000B52F5700010086FF5F /* ../Shared/BrandRGB.swift */; };
		BR000C42F5700010086FF5F /* ../Shared/BrandRGB.swift in Sources */ = {isa = PBXBuildFile; fileRef = BR000C52F5700010086FF5F /* ../Shared/BrandRGB.swift */; };
		BR000D42F5700010086FF5F /* ../Shared/BrandRGB.swift in Sources */ = {isa = PBXBuildFile; fileRef = BR000D52F5700010086FF5F /* ../Shared/BrandRGB.swift */; };
		A10000072F5700010086FF5F /* DeviceActivityMonitorExtension.swift in Sources */ = {isa = PBXBuildFile; fileRef = A10000342F5700010086FF5F /* DeviceActivityMonitorExtension.swift */; };
		A10000082F5700010086FF5F /* ShieldConfigurationExtension.swift in Sources */ = {isa = PBXBuildFile; fileRef = A10000382F5700010086FF5F /* ShieldConfigurationExtension.swift */; };
		A10000092F5700010086FF5F /* ShieldActionExtension.swift in Sources */ = {isa = PBXBuildFile; fileRef = A100003C2F5700010086FF5F /* ShieldActionExtension.swift */; };
		LA0000012F5700010086FF5F /* EasyModeLiveActivity.appex in Embed App Extensions */ = {isa = PBXBuildFile; fileRef = LA0000112F5700010086FF5F /* EasyModeLiveActivity.appex */; settings = {ATTRIBUTES = (CodeSignOnCopy, RemoveHeadersOnCopy, ); }; };
		LA0000022F5700010086FF5F /* EasyModeLiveActivityBundle.swift in Sources */ = {isa = PBXBuildFile; fileRef = LA0000122F5700010086FF5F /* EasyModeLiveActivityBundle.swift */; };
		LA0000032F5700010086FF5F /* FocusLiveActivity.swift in Sources */ = {isa = PBXBuildFile; fileRef = LA0000132F5700010086FF5F /* FocusLiveActivity.swift */; };
		LA0000042F5700010086FF5F /* ../Shared/FocusActivityAttributes.swift in Sources */ = {isa = PBXBuildFile; fileRef = LA0000142F5700010086FF5F /* ../Shared/FocusActivityAttributes.swift */; };
		LA0000052F5700010086FF5F /* Localizable.xcstrings in Resources */ = {isa = PBXBuildFile; fileRef = LA0000172F5700010086FF5F /* Localizable.xcstrings */; };
/* End PBXBuildFile section */

/* Begin PBXContainerItemProxy section */
		261D26382D93AF410018E489 /* PBXContainerItemProxy */ = {
			isa = PBXContainerItemProxy;
			containerPortal = 261D261D2D93AF400018E489 /* Project object */;
			proxyType = 1;
			remoteGlobalIDString = 261D26242D93AF400018E489;
			remoteInfo = Easymode;
		};
		261D26422D93AF410018E489 /* PBXContainerItemProxy */ = {
			isa = PBXContainerItemProxy;
			containerPortal = 261D261D2D93AF400018E489 /* Project object */;
			proxyType = 1;
			remoteGlobalIDString = 261D26242D93AF400018E489;
			remoteInfo = Easymode;
		};
		A10000112F5700010086FF5F /* PBXContainerItemProxy */ = {
			isa = PBXContainerItemProxy;
			containerPortal = 261D261D2D93AF400018E489 /* Project object */;
			proxyType = 1;
			remoteGlobalIDString = A10000612F5700010086FF5F;
			remoteInfo = DeviceActivityMonitorExtension;
		};
		A10000122F5700010086FF5F /* PBXContainerItemProxy */ = {
			isa = PBXContainerItemProxy;
			containerPortal = 261D261D2D93AF400018E489 /* Project object */;
			proxyType = 1;
			remoteGlobalIDString = A10000622F5700010086FF5F;
			remoteInfo = ShieldConfigurationExtension;
		};
		A10000132F5700010086FF5F /* PBXContainerItemProxy */ = {
			isa = PBXContainerItemProxy;
			containerPortal = 261D261D2D93AF400018E489 /* Project object */;
			proxyType = 1;
			remoteGlobalIDString = A10000632F5700010086FF5F;
			remoteInfo = ShieldActionExtension;
		};
		LA0000212F5700010086FF5F /* PBXContainerItemProxy */ = {
			isa = PBXContainerItemProxy;
			containerPortal = 261D261D2D93AF400018E489 /* Project object */;
			proxyType = 1;
			remoteGlobalIDString = LA0000612F5700010086FF5F;
			remoteInfo = EasyModeLiveActivity;
		};
/* End PBXContainerItemProxy section */

/* Begin PBXCopyFilesBuildPhase section */
		A10000212F5700010086FF5F /* Embed App Extensions */ = {
			isa = PBXCopyFilesBuildPhase;
			buildActionMask = 2147483647;
			dstPath = "";
			dstSubfolderSpec = 13;
			files = (
				A10000012F5700010086FF5F /* DeviceActivityMonitorExtension.appex in Embed App Extensions */,
				A10000022F5700010086FF5F /* ShieldConfigurationExtension.appex in Embed App Extensions */,
				A10000032F5700010086FF5F /* ShieldActionExtension.appex in Embed App Extensions */,
				LA0000012F5700010086FF5F /* EasyModeLiveActivity.appex in Embed App Extensions */,
			);
			name = "Embed App Extensions";
			runOnlyForDeploymentPostprocessing = 0;
		};
/* End PBXCopyFilesBuildPhase section */

/* Begin PBXFileReference section */
		261D26252D93AF400018E489 /* Easymode.app */ = {isa = PBXFileReference; explicitFileType = wrapper.application; includeInIndex = 0; path = Easymode.app; sourceTree = BUILT_PRODUCTS_DIR; };
		261D26372D93AF410018E489 /* EasymodeTests.xctest */ = {isa = PBXFileReference; explicitFileType = wrapper.cfbundle; includeInIndex = 0; path = EasymodeTests.xctest; sourceTree = BUILT_PRODUCTS_DIR; };
		261D26412D93AF410018E489 /* EasymodeUITests.xctest */ = {isa = PBXFileReference; explicitFileType = wrapper.cfbundle; includeInIndex = 0; path = EasymodeUITests.xctest; sourceTree = BUILT_PRODUCTS_DIR; };
		268C8AE22F57D1900086FF5F /* FamilyControls.framework */ = {isa = PBXFileReference; lastKnownFileType = wrapper.framework; name = FamilyControls.framework; path = System/Library/Frameworks/FamilyControls.framework; sourceTree = SDKROOT; };
		A10000312F5700010086FF5F /* DeviceActivityMonitorExtension.appex */ = {isa = PBXFileReference; explicitFileType = "wrapper.app-extension"; includeInIndex = 0; path = DeviceActivityMonitorExtension.appex; sourceTree = BUILT_PRODUCTS_DIR; };
		A10000322F5700010086FF5F /* ShieldConfigurationExtension.appex */ = {isa = PBXFileReference; explicitFileType = "wrapper.app-extension"; includeInIndex = 0; path = ShieldConfigurationExtension.appex; sourceTree = BUILT_PRODUCTS_DIR; };
		A10000332F5700010086FF5F /* ShieldActionExtension.appex */ = {isa = PBXFileReference; explicitFileType = "wrapper.app-extension"; includeInIndex = 0; path = ShieldActionExtension.appex; sourceTree = BUILT_PRODUCTS_DIR; };
		A10000342F5700010086FF5F /* DeviceActivityMonitorExtension.swift */ = {isa = PBXFileReference; lastKnownFileType = sourcecode.swift; path = DeviceActivityMonitorExtension.swift; sourceTree = "<group>"; };
		A10000352F5700010086FF5F /* Info.plist */ = {isa = PBXFileReference; lastKnownFileType = text.plist.xml; path = Info.plist; sourceTree = "<group>"; };
		A10000362F5700010086FF5F /* DeviceActivityMonitorExtension.entitlements */ = {isa = PBXFileReference; lastKnownFileType = text.plist.entitlements; path = DeviceActivityMonitorExtension.entitlements; sourceTree = "<group>"; };
		A10000372F5700010086FF5F /* ../Shared/SharedStorage.swift */ = {isa = PBXFileReference; lastKnownFileType = sourcecode.swift; path = ../Shared/SharedStorage.swift; sourceTree = "<group>"; };
		A10000382F5700010086FF5F /* ShieldConfigurationExtension.swift */ = {isa = PBXFileReference; lastKnownFileType = sourcecode.swift; path = ShieldConfigurationExtension.swift; sourceTree = "<group>"; };
		A10000392F5700010086FF5F /* Info.plist */ = {isa = PBXFileReference; lastKnownFileType = text.plist.xml; path = Info.plist; sourceTree = "<group>"; };
		A100003A2F5700010086FF5F /* ShieldConfigurationExtension.entitlements */ = {isa = PBXFileReference; lastKnownFileType = text.plist.entitlements; path = ShieldConfigurationExtension.entitlements; sourceTree = "<group>"; };
		A100003B2F5700010086FF5F /* ../Shared/SharedStorage.swift */ = {isa = PBXFileReference; lastKnownFileType = sourcecode.swift; path = ../Shared/SharedStorage.swift; sourceTree = "<group>"; };
		A100003C2F5700010086FF5F /* ShieldActionExtension.swift */ = {isa = PBXFileReference; lastKnownFileType = sourcecode.swift; path = ShieldActionExtension.swift; sourceTree = "<group>"; };
		A100003D2F5700010086FF5F /* Info.plist */ = {isa = PBXFileReference; lastKnownFileType = text.plist.xml; path = Info.plist; sourceTree = "<group>"; };
		A100003E2F5700010086FF5F /* ShieldActionExtension.entitlements */ = {isa = PBXFileReference; lastKnownFileType = text.plist.entitlements; path = ShieldActionExtension.entitlements; sourceTree = "<group>"; };
		A100003F2F5700010086FF5F /* ../Shared/SharedStorage.swift */ = {isa = PBXFileReference; lastKnownFileType = sourcecode.swift; path = ../Shared/SharedStorage.swift; sourceTree = "<group>"; };
		BR000A52F5700010086FF5F /* ../Shared/BrandRGB.swift */ = {isa = PBXFileReference; lastKnownFileType = sourcecode.swift; path = ../Shared/BrandRGB.swift; sourceTree = "<group>"; };
		BR000B52F5700010086FF5F /* ../Shared/BrandRGB.swift */ = {isa = PBXFileReference; lastKnownFileType = sourcecode.swift; path = ../Shared/BrandRGB.swift; sourceTree = "<group>"; };
		BR000C52F5700010086FF5F /* ../Shared/BrandRGB.swift */ = {isa = PBXFileReference; lastKnownFileType = sourcecode.swift; path = ../Shared/BrandRGB.swift; sourceTree = "<group>"; };
		BR000D52F5700010086FF5F /* ../Shared/BrandRGB.swift */ = {isa = PBXFileReference; lastKnownFileType = sourcecode.swift; path = ../Shared/BrandRGB.swift; sourceTree = "<group>"; };
		LA0000112F5700010086FF5F /* EasyModeLiveActivity.appex */ = {isa = PBXFileReference; explicitFileType = "wrapper.app-extension"; includeInIndex = 0; path = EasyModeLiveActivity.appex; sourceTree = BUILT_PRODUCTS_DIR; };
		LA0000122F5700010086FF5F /* EasyModeLiveActivityBundle.swift */ = {isa = PBXFileReference; lastKnownFileType = sourcecode.swift; path = EasyModeLiveActivityBundle.swift; sourceTree = "<group>"; };
		LA0000132F5700010086FF5F /* FocusLiveActivity.swift */ = {isa = PBXFileReference; lastKnownFileType = sourcecode.swift; path = FocusLiveActivity.swift; sourceTree = "<group>"; };
		LA0000142F5700010086FF5F /* ../Shared/FocusActivityAttributes.swift */ = {isa = PBXFileReference; lastKnownFileType = sourcecode.swift; path = ../Shared/FocusActivityAttributes.swift; sourceTree = "<group>"; };
		LA0000152F5700010086FF5F /* Info.plist */ = {isa = PBXFileReference; lastKnownFileType = text.plist.xml; path = Info.plist; sourceTree = "<group>"; };
		LA0000162F5700010086FF5F /* EasyModeLiveActivity.entitlements */ = {isa = PBXFileReference; lastKnownFileType = text.plist.entitlements; path = EasyModeLiveActivity.entitlements; sourceTree = "<group>"; };
		LA0000172F5700010086FF5F /* Localizable.xcstrings */ = {isa = PBXFileReference; lastKnownFileType = text.json.xcstrings; path = Localizable.xcstrings; sourceTree = "<group>"; };
/* End PBXFileReference section */

/* Begin PBXFileSystemSynchronizedRootGroup section */
		261D26272D93AF400018E489 /* Easymode */ = {
			isa = PBXFileSystemSynchronizedRootGroup;
			path = Easymode;
			sourceTree = "<group>";
		};
		261D263A2D93AF410018E489 /* EasymodeTests */ = {
			isa = PBXFileSystemSynchronizedRootGroup;
			path = EasymodeTests;
			sourceTree = "<group>";
		};
		261D26442D93AF410018E489 /* EasymodeUITests */ = {
			isa = PBXFileSystemSynchronizedRootGroup;
			path = EasymodeUITests;
			sourceTree = "<group>";
		};
		28AF0E55A36243379BE67842 /* Shared */ = {
			isa = PBXFileSystemSynchronizedRootGroup;
			path = Shared;
			sourceTree = "<group>";
		};
/* End PBXFileSystemSynchronizedRootGroup section */

/* Begin PBXFrameworksBuildPhase section */
		261D26222D93AF400018E489 /* Frameworks */ = {
			isa = PBXFrameworksBuildPhase;
			buildActionMask = 2147483647;
			files = (
			);
			runOnlyForDeploymentPostprocessing = 0;
		};
		261D26342D93AF410018E489 /* Frameworks */ = {
			isa = PBXFrameworksBuildPhase;
			buildActionMask = 2147483647;
			files = (
			);
			runOnlyForDeploymentPostprocessing = 0;
		};
		261D263E2D93AF410018E489 /* Frameworks */ = {
			isa = PBXFrameworksBuildPhase;
			buildActionMask = 2147483647;
			files = (
			);
			runOnlyForDeploymentPostprocessing = 0;
		};
		A10000412F5700010086FF5F /* Frameworks */ = {
			isa = PBXFrameworksBuildPhase;
			buildActionMask = 2147483647;
			files = (
			);
			runOnlyForDeploymentPostprocessing = 0;
		};
		A10000422F5700010086FF5F /* Frameworks */ = {
			isa = PBXFrameworksBuildPhase;
			buildActionMask = 2147483647;
			files = (
			);
			runOnlyForDeploymentPostprocessing = 0;
		};
		A10000432F5700010086FF5F /* Frameworks */ = {
			isa = PBXFrameworksBuildPhase;
			buildActionMask = 2147483647;
			files = (
			);
			runOnlyForDeploymentPostprocessing = 0;
		};
		LA0000412F5700010086FF5F /* Frameworks */ = {
			isa = PBXFrameworksBuildPhase;
			buildActionMask = 2147483647;
			files = (
			);
			runOnlyForDeploymentPostprocessing = 0;
		};
/* End PBXFrameworksBuildPhase section */

/* Begin PBXGroup section */
		261D261C2D93AF400018E489 = {
			isa = PBXGroup;
			children = (
				261D26272D93AF400018E489 /* Easymode */,
				261D263A2D93AF410018E489 /* EasymodeTests */,
				261D26442D93AF410018E489 /* EasymodeUITests */,
				A10000512F5700010086FF5F /* DeviceActivityMonitorExtension */,
				A10000522F5700010086FF5F /* ShieldConfigurationExtension */,
				A10000532F5700010086FF5F /* ShieldActionExtension */,
				LA0000512F5700010086FF5F /* EasyModeLiveActivity */,
				28AF0E55A36243379BE67842 /* Shared */,
				268C8AE12F57D18F0086FF5F /* Frameworks */,
				261D26262D93AF400018E489 /* Products */,
			);
			sourceTree = "<group>";
		};
		261D26262D93AF400018E489 /* Products */ = {
			isa = PBXGroup;
			children = (
				261D26252D93AF400018E489 /* Easymode.app */,
				261D26372D93AF410018E489 /* EasymodeTests.xctest */,
				261D26412D93AF410018E489 /* EasymodeUITests.xctest */,
				A10000312F5700010086FF5F /* DeviceActivityMonitorExtension.appex */,
				A10000322F5700010086FF5F /* ShieldConfigurationExtension.appex */,
				A10000332F5700010086FF5F /* ShieldActionExtension.appex */,
				LA0000112F5700010086FF5F /* EasyModeLiveActivity.appex */,
			);
			name = Products;
			sourceTree = "<group>";
		};
		268C8AE12F57D18F0086FF5F /* Frameworks */ = {
			isa = PBXGroup;
			children = (
				268C8AE22F57D1900086FF5F /* FamilyControls.framework */,
			);
			name = Frameworks;
			sourceTree = "<group>";
		};
		A10000512F5700010086FF5F /* DeviceActivityMonitorExtension */ = {
			isa = PBXGroup;
			children = (
				A10000342F5700010086FF5F /* DeviceActivityMonitorExtension.swift */,
				A10000372F5700010086FF5F /* ../Shared/SharedStorage.swift */,
				BR000A52F5700010086FF5F /* ../Shared/BrandRGB.swift */,
				A10000352F5700010086FF5F /* Info.plist */,
				A10000362F5700010086FF5F /* DeviceActivityMonitorExtension.entitlements */,
			);
			path = DeviceActivityMonitorExtension;
			sourceTree = "<group>";
		};
		A10000522F5700010086FF5F /* ShieldConfigurationExtension */ = {
			isa = PBXGroup;
			children = (
				A10000382F5700010086FF5F /* ShieldConfigurationExtension.swift */,
				A100003B2F5700010086FF5F /* ../Shared/SharedStorage.swift */,
				BR000B52F5700010086FF5F /* ../Shared/BrandRGB.swift */,
				A10000392F5700010086FF5F /* Info.plist */,
				A100003A2F5700010086FF5F /* ShieldConfigurationExtension.entitlements */,
			);
			path = ShieldConfigurationExtension;
			sourceTree = "<group>";
		};
		A10000532F5700010086FF5F /* ShieldActionExtension */ = {
			isa = PBXGroup;
			children = (
				A100003C2F5700010086FF5F /* ShieldActionExtension.swift */,
				A100003F2F5700010086FF5F /* ../Shared/SharedStorage.swift */,
				BR000C52F5700010086FF5F /* ../Shared/BrandRGB.swift */,
				A100003D2F5700010086FF5F /* Info.plist */,
				A100003E2F5700010086FF5F /* ShieldActionExtension.entitlements */,
			);
			path = ShieldActionExtension;
			sourceTree = "<group>";
		};
		LA0000512F5700010086FF5F /* EasyModeLiveActivity */ = {
			isa = PBXGroup;
			children = (
				LA0000122F5700010086FF5F /* EasyModeLiveActivityBundle.swift */,
				LA0000132F5700010086FF5F /* FocusLiveActivity.swift */,
				LA0000142F5700010086FF5F /* ../Shared/FocusActivityAttributes.swift */,
				BR000D52F5700010086FF5F /* ../Shared/BrandRGB.swift */,
				LA0000152F5700010086FF5F /* Info.plist */,
				LA0000162F5700010086FF5F /* EasyModeLiveActivity.entitlements */,
				LA0000172F5700010086FF5F /* Localizable.xcstrings */,
			);
			path = EasyModeLiveActivity;
			sourceTree = "<group>";
		};
/* End PBXGroup section */

/* Begin PBXNativeTarget section */
		261D26242D93AF400018E489 /* Easymode */ = {
			isa = PBXNativeTarget;
			buildConfigurationList = 261D264B2D93AF410018E489 /* Build configuration list for PBXNativeTarget "Easymode" */;
			buildPhases = (
				261D26212D93AF400018E489 /* Sources */,
				261D26222D93AF400018E489 /* Frameworks */,
				261D26232D93AF400018E489 /* Resources */,
				A10000212F5700010086FF5F /* Embed App Extensions */,
			);
			buildRules = (
			);
			dependencies = (
				A10000912F5700010086FF5F /* PBXTargetDependency */,
				A10000922F5700010086FF5F /* PBXTargetDependency */,
				A10000932F5700010086FF5F /* PBXTargetDependency */,
				LA0000912F5700010086FF5F /* PBXTargetDependency */,
			);
			fileSystemSynchronizedGroups = (
				261D26272D93AF400018E489 /* Easymode */,
				28AF0E55A36243379BE67842 /* Shared */,
			);
			name = Easymode;
			packageProductDependencies = (
			);
			productName = Easymode;
			productReference = 261D26252D93AF400018E489 /* Easymode.app */;
			productType = "com.apple.product-type.application";
		};
		261D26362D93AF410018E489 /* EasymodeTests */ = {
			isa = PBXNativeTarget;
			buildConfigurationList = 261D264E2D93AF410018E489 /* Build configuration list for PBXNativeTarget "EasymodeTests" */;
			buildPhases = (
				261D26332D93AF410018E489 /* Sources */,
				261D26342D93AF410018E489 /* Frameworks */,
				261D26352D93AF410018E489 /* Resources */,
			);
			buildRules = (
			);
			dependencies = (
				261D26392D93AF410018E489 /* PBXTargetDependency */,
			);
			fileSystemSynchronizedGroups = (
				261D263A2D93AF410018E489 /* EasymodeTests */,
			);
			name = EasymodeTests;
			packageProductDependencies = (
			);
			productName = EasymodeTests;
			productReference = 261D26372D93AF410018E489 /* EasymodeTests.xctest */;
			productType = "com.apple.product-type.bundle.unit-test";
		};
		261D26402D93AF410018E489 /* EasymodeUITests */ = {
			isa = PBXNativeTarget;
			buildConfigurationList = 261D26512D93AF410018E489 /* Build configuration list for PBXNativeTarget "EasymodeUITests" */;
			buildPhases = (
				261D263D2D93AF410018E489 /* Sources */,
				261D263E2D93AF410018E489 /* Frameworks */,
				261D263F2D93AF410018E489 /* Resources */,
			);
			buildRules = (
			);
			dependencies = (
				261D26432D93AF410018E489 /* PBXTargetDependency */,
			);
			fileSystemSynchronizedGroups = (
				261D26442D93AF410018E489 /* EasymodeUITests */,
			);
			name = EasymodeUITests;
			packageProductDependencies = (
			);
			productName = EasymodeUITests;
			productReference = 261D26412D93AF410018E489 /* EasymodeUITests.xctest */;
			productType = "com.apple.product-type.bundle.ui-testing";
		};
		A10000612F5700010086FF5F /* DeviceActivityMonitorExtension */ = {
			isa = PBXNativeTarget;
			buildConfigurationList = A10000B12F5700010086FF5F /* Build configuration list for PBXNativeTarget "DeviceActivityMonitorExtension" */;
			buildPhases = (
				A10000812F5700010086FF5F /* Sources */,
				A10000412F5700010086FF5F /* Frameworks */,
				A10000712F5700010086FF5F /* Resources */,
			);
			buildRules = (
			);
			dependencies = (
			);
			name = DeviceActivityMonitorExtension;
			packageProductDependencies = (
			);
			productName = DeviceActivityMonitorExtension;
			productReference = A10000312F5700010086FF5F /* DeviceActivityMonitorExtension.appex */;
			productType = "com.apple.product-type.app-extension";
		};
		A10000622F5700010086FF5F /* ShieldConfigurationExtension */ = {
			isa = PBXNativeTarget;
			buildConfigurationList = A10000B22F5700010086FF5F /* Build configuration list for PBXNativeTarget "ShieldConfigurationExtension" */;
			buildPhases = (
				A10000822F5700010086FF5F /* Sources */,
				A10000422F5700010086FF5F /* Frameworks */,
				A10000722F5700010086FF5F /* Resources */,
			);
			buildRules = (
			);
			dependencies = (
			);
			name = ShieldConfigurationExtension;
			packageProductDependencies = (
			);
			productName = ShieldConfigurationExtension;
			productReference = A10000322F5700010086FF5F /* ShieldConfigurationExtension.appex */;
			productType = "com.apple.product-type.app-extension";
		};
		A10000632F5700010086FF5F /* ShieldActionExtension */ = {
			isa = PBXNativeTarget;
			buildConfigurationList = A10000B32F5700010086FF5F /* Build configuration list for PBXNativeTarget "ShieldActionExtension" */;
			buildPhases = (
				A10000832F5700010086FF5F /* Sources */,
				A10000432F5700010086FF5F /* Frameworks */,
				A10000732F5700010086FF5F /* Resources */,
			);
			buildRules = (
			);
			dependencies = (
			);
			name = ShieldActionExtension;
			packageProductDependencies = (
			);
			productName = ShieldActionExtension;
			productReference = A10000332F5700010086FF5F /* ShieldActionExtension.appex */;
			productType = "com.apple.product-type.app-extension";
		};
		LA0000612F5700010086FF5F /* EasyModeLiveActivity */ = {
			isa = PBXNativeTarget;
			buildConfigurationList = LA0000B12F5700010086FF5F /* Build configuration list for PBXNativeTarget "EasyModeLiveActivity" */;
			buildPhases = (
				LA0000812F5700010086FF5F /* Sources */,
				LA0000412F5700010086FF5F /* Frameworks */,
				LA0000712F5700010086FF5F /* Resources */,
			);
			buildRules = (
			);
			dependencies = (
			);
			name = EasyModeLiveActivity;
			packageProductDependencies = (
			);
			productName = EasyModeLiveActivity;
			productReference = LA0000112F5700010086FF5F /* EasyModeLiveActivity.appex */;
			productType = "com.apple.product-type.app-extension";
		};
/* End PBXNativeTarget section */

/* Begin PBXProject section */
		261D261D2D93AF400018E489 /* Project object */ = {
			isa = PBXProject;
			attributes = {
				BuildIndependentTargetsInParallel = 1;
				LastSwiftUpdateCheck = 1620;
				LastUpgradeCheck = 1620;
				TargetAttributes = {
					261D26242D93AF400018E489 = {
						CreatedOnToolsVersion = 16.2;
					};
					261D26362D93AF410018E489 = {
						CreatedOnToolsVersion = 16.2;
						TestTargetID = 261D26242D93AF400018E489;
					};
					261D26402D93AF410018E489 = {
						CreatedOnToolsVersion = 16.2;
						TestTargetID = 261D26242D93AF400018E489;
					};
					A10000612F5700010086FF5F = {
						CreatedOnToolsVersion = 16.2;
					};
					A10000622F5700010086FF5F = {
						CreatedOnToolsVersion = 16.2;
					};
					A10000632F5700010086FF5F = {
						CreatedOnToolsVersion = 16.2;
					};
					LA0000612F5700010086FF5F = {
						CreatedOnToolsVersion = 16.2;
					};
				};
			};
			buildConfigurationList = 261D26202D93AF400018E489 /* Build configuration list for PBXProject "easy-mode" */;
			developmentRegion = en;
			hasScannedForEncodings = 0;
			knownRegions = (
				en,
				Base,
			);
			mainGroup = 261D261C2D93AF400018E489;
			minimizedProjectReferenceProxies = 1;
			preferredProjectObjectVersion = 77;
			productRefGroup = 261D26262D93AF400018E489 /* Products */;
			projectDirPath = "";
			projectRoot = "";
			targets = (
				261D26242D93AF400018E489 /* Easymode */,
				261D26362D93AF410018E489 /* EasymodeTests */,
				261D26402D93AF410018E489 /* EasymodeUITests */,
				A10000612F5700010086FF5F /* DeviceActivityMonitorExtension */,
				A10000622F5700010086FF5F /* ShieldConfigurationExtension */,
				A10000632F5700010086FF5F /* ShieldActionExtension */,
				LA0000612F5700010086FF5F /* EasyModeLiveActivity */,
			);
		};
/* End PBXProject section */

/* Begin PBXResourcesBuildPhase section */
		261D26232D93AF400018E489 /* Resources */ = {
			isa = PBXResourcesBuildPhase;
			buildActionMask = 2147483647;
			files = (
			);
			runOnlyForDeploymentPostprocessing = 0;
		};
		261D26352D93AF410018E489 /* Resources */ = {
			isa = PBXResourcesBuildPhase;
			buildActionMask = 2147483647;
			files = (
			);
			runOnlyForDeploymentPostprocessing = 0;
		};
		261D263F2D93AF410018E489 /* Resources */ = {
			isa = PBXResourcesBuildPhase;
			buildActionMask = 2147483647;
			files = (
			);
			runOnlyForDeploymentPostprocessing = 0;
		};
		A10000712F5700010086FF5F /* Resources */ = {
			isa = PBXResourcesBuildPhase;
			buildActionMask = 2147483647;
			files = (
			);
			runOnlyForDeploymentPostprocessing = 0;
		};
		A10000722F5700010086FF5F /* Resources */ = {
			isa = PBXResourcesBuildPhase;
			buildActionMask = 2147483647;
			files = (
			);
			runOnlyForDeploymentPostprocessing = 0;
		};
		A10000732F5700010086FF5F /* Resources */ = {
			isa = PBXResourcesBuildPhase;
			buildActionMask = 2147483647;
			files = (
			);
			runOnlyForDeploymentPostprocessing = 0;
		};
		LA0000712F5700010086FF5F /* Resources */ = {
			isa = PBXResourcesBuildPhase;
			buildActionMask = 2147483647;
			files = (
				LA0000052F5700010086FF5F /* Localizable.xcstrings in Resources */,
			);
			runOnlyForDeploymentPostprocessing = 0;
		};
/* End PBXResourcesBuildPhase section */

/* Begin PBXSourcesBuildPhase section */
		261D26212D93AF400018E489 /* Sources */ = {
			isa = PBXSourcesBuildPhase;
			buildActionMask = 2147483647;
			files = (
			);
			runOnlyForDeploymentPostprocessing = 0;
		};
		261D26332D93AF410018E489 /* Sources */ = {
			isa = PBXSourcesBuildPhase;
			buildActionMask = 2147483647;
			files = (
			);
			runOnlyForDeploymentPostprocessing = 0;
		};
		261D263D2D93AF410018E489 /* Sources */ = {
			isa = PBXSourcesBuildPhase;
			buildActionMask = 2147483647;
			files = (
			);
			runOnlyForDeploymentPostprocessing = 0;
		};
		A10000812F5700010086FF5F /* Sources */ = {
			isa = PBXSourcesBuildPhase;
			buildActionMask = 2147483647;
			files = (
				A10000072F5700010086FF5F /* DeviceActivityMonitorExtension.swift in Sources */,
				A10000042F5700010086FF5F /* ../Shared/SharedStorage.swift in Sources */,
				BR000A42F5700010086FF5F /* ../Shared/BrandRGB.swift in Sources */,
			);
			runOnlyForDeploymentPostprocessing = 0;
		};
		A10000822F5700010086FF5F /* Sources */ = {
			isa = PBXSourcesBuildPhase;
			buildActionMask = 2147483647;
			files = (
				A10000082F5700010086FF5F /* ShieldConfigurationExtension.swift in Sources */,
				A10000052F5700010086FF5F /* ../Shared/SharedStorage.swift in Sources */,
				BR000B42F5700010086FF5F /* ../Shared/BrandRGB.swift in Sources */,
			);
			runOnlyForDeploymentPostprocessing = 0;
		};
		A10000832F5700010086FF5F /* Sources */ = {
			isa = PBXSourcesBuildPhase;
			buildActionMask = 2147483647;
			files = (
				A10000092F5700010086FF5F /* ShieldActionExtension.swift in Sources */,
				A10000062F5700010086FF5F /* ../Shared/SharedStorage.swift in Sources */,
				BR000C42F5700010086FF5F /* ../Shared/BrandRGB.swift in Sources */,
			);
			runOnlyForDeploymentPostprocessing = 0;
		};
		LA0000812F5700010086FF5F /* Sources */ = {
			isa = PBXSourcesBuildPhase;
			buildActionMask = 2147483647;
			files = (
				LA0000022F5700010086FF5F /* EasyModeLiveActivityBundle.swift in Sources */,
				LA0000032F5700010086FF5F /* FocusLiveActivity.swift in Sources */,
				LA0000042F5700010086FF5F /* ../Shared/FocusActivityAttributes.swift in Sources */,
				BR000D42F5700010086FF5F /* ../Shared/BrandRGB.swift in Sources */,
			);
			runOnlyForDeploymentPostprocessing = 0;
		};
/* End PBXSourcesBuildPhase section */

/* Begin PBXTargetDependency section */
		261D26392D93AF410018E489 /* PBXTargetDependency */ = {
			isa = PBXTargetDependency;
			target = 261D26242D93AF400018E489 /* Easymode */;
			targetProxy = 261D26382D93AF410018E489 /* PBXContainerItemProxy */;
		};
		261D26432D93AF410018E489 /* PBXTargetDependency */ = {
			isa = PBXTargetDependency;
			target = 261D26242D93AF400018E489 /* Easymode */;
			targetProxy = 261D26422D93AF410018E489 /* PBXContainerItemProxy */;
		};
		A10000912F5700010086FF5F /* PBXTargetDependency */ = {
			isa = PBXTargetDependency;
			target = A10000612F5700010086FF5F /* DeviceActivityMonitorExtension */;
			targetProxy = A10000112F5700010086FF5F /* PBXContainerItemProxy */;
		};
		A10000922F5700010086FF5F /* PBXTargetDependency */ = {
			isa = PBXTargetDependency;
			target = A10000622F5700010086FF5F /* ShieldConfigurationExtension */;
			targetProxy = A10000122F5700010086FF5F /* PBXContainerItemProxy */;
		};
		A10000932F5700010086FF5F /* PBXTargetDependency */ = {
			isa = PBXTargetDependency;
			target = A10000632F5700010086FF5F /* ShieldActionExtension */;
			targetProxy = A10000132F5700010086FF5F /* PBXContainerItemProxy */;
		};
		LA0000912F5700010086FF5F /* PBXTargetDependency */ = {
			isa = PBXTargetDependency;
			target = LA0000612F5700010086FF5F /* EasyModeLiveActivity */;
			targetProxy = LA0000212F5700010086FF5F /* PBXContainerItemProxy */;
		};
/* End PBXTargetDependency section */

/* Begin XCBuildConfiguration section */
		261D26492D93AF410018E489 /* Debug */ = {
			isa = XCBuildConfiguration;
			buildSettings = {
				ALWAYS_SEARCH_USER_PATHS = NO;
				ASSETCATALOG_COMPILER_GENERATE_SWIFT_ASSET_SYMBOL_EXTENSIONS = YES;
				CLANG_ANALYZER_NONNULL = YES;
				CLANG_ANALYZER_NUMBER_OBJECT_CONVERSION = YES_AGGRESSIVE;
				CLANG_CXX_LANGUAGE_STANDARD = "gnu++20";
				CLANG_ENABLE_MODULES = YES;
				CLANG_ENABLE_OBJC_ARC = YES;
				CLANG_ENABLE_OBJC_WEAK = YES;
				CLANG_WARN_BLOCK_CAPTURE_AUTORELEASING = YES;
				CLANG_WARN_BOOL_CONVERSION = YES;
				CLANG_WARN_COMMA = YES;
				CLANG_WARN_CONSTANT_CONVERSION = YES;
				CLANG_WARN_DEPRECATED_OBJC_IMPLEMENTATIONS = YES;
				CLANG_WARN_DIRECT_OBJC_ISA_USAGE = YES_ERROR;
				CLANG_WARN_DOCUMENTATION_COMMENTS = YES;
				CLANG_WARN_EMPTY_BODY = YES;
				CLANG_WARN_ENUM_CONVERSION = YES;
				CLANG_WARN_INFINITE_RECURSION = YES;
				CLANG_WARN_INT_CONVERSION = YES;
				CLANG_WARN_NON_LITERAL_NULL_CONVERSION = YES;
				CLANG_WARN_OBJC_IMPLICIT_RETAIN_SELF = YES;
				CLANG_WARN_OBJC_LITERAL_CONVERSION = YES;
				CLANG_WARN_OBJC_ROOT_CLASS = YES_ERROR;
				CLANG_WARN_QUOTED_INCLUDE_IN_FRAMEWORK_HEADER = YES;
				CLANG_WARN_RANGE_LOOP_ANALYSIS = YES;
				CLANG_WARN_STRICT_PROTOTYPES = YES;
				CLANG_WARN_SUSPICIOUS_MOVE = YES;
				CLANG_WARN_UNGUARDED_AVAILABILITY = YES_AGGRESSIVE;
				CLANG_WARN_UNREACHABLE_CODE = YES;
				CLANG_WARN__DUPLICATE_METHOD_MATCH = YES;
				COPY_PHASE_STRIP = NO;
				DEBUG_INFORMATION_FORMAT = dwarf;
				ENABLE_STRICT_OBJC_MSGSEND = YES;
				ENABLE_TESTABILITY = YES;
				ENABLE_USER_SCRIPT_SANDBOXING = YES;
				GCC_C_LANGUAGE_STANDARD = gnu17;
				GCC_DYNAMIC_NO_PIC = NO;
				GCC_NO_COMMON_BLOCKS = YES;
				GCC_OPTIMIZATION_LEVEL = 0;
				GCC_PREPROCESSOR_DEFINITIONS = (
					"DEBUG=1",
					"$(inherited)",
				);
				GCC_WARN_64_TO_32_BIT_CONVERSION = YES;
				GCC_WARN_ABOUT_RETURN_TYPE = YES_ERROR;
				GCC_WARN_UNDECLARED_SELECTOR = YES;
				GCC_WARN_UNINITIALIZED_AUTOS = YES_AGGRESSIVE;
				GCC_WARN_UNUSED_FUNCTION = YES;
				GCC_WARN_UNUSED_VARIABLE = YES;
				IPHONEOS_DEPLOYMENT_TARGET = 17.6;
				LOCALIZATION_PREFERS_STRING_CATALOGS = YES;
				MTL_ENABLE_DEBUG_INFO = INCLUDE_SOURCE;
				MTL_FAST_MATH = YES;
				ONLY_ACTIVE_ARCH = YES;
				SDKROOT = iphoneos;
				SWIFT_ACTIVE_COMPILATION_CONDITIONS = "DEBUG $(inherited)";
				SWIFT_OPTIMIZATION_LEVEL = "-Onone";
			};
			name = Debug;
		};
		261D264A2D93AF410018E489 /* Release */ = {
			isa = XCBuildConfiguration;
			buildSettings = {
				ALWAYS_SEARCH_USER_PATHS = NO;
				ASSETCATALOG_COMPILER_GENERATE_SWIFT_ASSET_SYMBOL_EXTENSIONS = YES;
				CLANG_ANALYZER_NONNULL = YES;
				CLANG_ANALYZER_NUMBER_OBJECT_CONVERSION = YES_AGGRESSIVE;
				CLANG_CXX_LANGUAGE_STANDARD = "gnu++20";
				CLANG_ENABLE_MODULES = YES;
				CLANG_ENABLE_OBJC_ARC = YES;
				CLANG_ENABLE_OBJC_WEAK = YES;
				CLANG_WARN_BLOCK_CAPTURE_AUTORELEASING = YES;
				CLANG_WARN_BOOL_CONVERSION = YES;
				CLANG_WARN_COMMA = YES;
				CLANG_WARN_CONSTANT_CONVERSION = YES;
				CLANG_WARN_DEPRECATED_OBJC_IMPLEMENTATIONS = YES;
				CLANG_WARN_DIRECT_OBJC_ISA_USAGE = YES_ERROR;
				CLANG_WARN_DOCUMENTATION_COMMENTS = YES;
				CLANG_WARN_EMPTY_BODY = YES;
				CLANG_WARN_ENUM_CONVERSION = YES;
				CLANG_WARN_INFINITE_RECURSION = YES;
				CLANG_WARN_INT_CONVERSION = YES;
				CLANG_WARN_NON_LITERAL_NULL_CONVERSION = YES;
				CLANG_WARN_OBJC_IMPLICIT_RETAIN_SELF = YES;
				CLANG_WARN_OBJC_LITERAL_CONVERSION = YES;
				CLANG_WARN_OBJC_ROOT_CLASS = YES_ERROR;
				CLANG_WARN_QUOTED_INCLUDE_IN_FRAMEWORK_HEADER = YES;
				CLANG_WARN_RANGE_LOOP_ANALYSIS = YES;
				CLANG_WARN_STRICT_PROTOTYPES = YES;
				CLANG_WARN_SUSPICIOUS_MOVE = YES;
				CLANG_WARN_UNGUARDED_AVAILABILITY = YES_AGGRESSIVE;
				CLANG_WARN_UNREACHABLE_CODE = YES;
				CLANG_WARN__DUPLICATE_METHOD_MATCH = YES;
				COPY_PHASE_STRIP = NO;
				DEBUG_INFORMATION_FORMAT = "dwarf-with-dsym";
				ENABLE_NS_ASSERTIONS = NO;
				ENABLE_STRICT_OBJC_MSGSEND = YES;
				ENABLE_USER_SCRIPT_SANDBOXING = YES;
				GCC_C_LANGUAGE_STANDARD = gnu17;
				GCC_NO_COMMON_BLOCKS = YES;
				GCC_WARN_64_TO_32_BIT_CONVERSION = YES;
				GCC_WARN_ABOUT_RETURN_TYPE = YES_ERROR;
				GCC_WARN_UNDECLARED_SELECTOR = YES;
				GCC_WARN_UNINITIALIZED_AUTOS = YES_AGGRESSIVE;
				GCC_WARN_UNUSED_FUNCTION = YES;
				GCC_WARN_UNUSED_VARIABLE = YES;
				IPHONEOS_DEPLOYMENT_TARGET = 17.6;
				LOCALIZATION_PREFERS_STRING_CATALOGS = YES;
				MTL_ENABLE_DEBUG_INFO = NO;
				MTL_FAST_MATH = YES;
				SDKROOT = iphoneos;
				SWIFT_COMPILATION_MODE = wholemodule;
				VALIDATE_PRODUCT = YES;
			};
			name = Release;
		};
		261D264C2D93AF410018E489 /* Debug */ = {
			isa = XCBuildConfiguration;
			buildSettings = {
				ASSETCATALOG_COMPILER_APPICON_NAME = AppIcon;
				ASSETCATALOG_COMPILER_GLOBAL_ACCENT_COLOR_NAME = AccentColor;
				CODE_SIGN_ENTITLEMENTS = Easymode/Easymode.entitlements;
				CODE_SIGN_STYLE = Automatic;
				CURRENT_PROJECT_VERSION = 1;
				DEVELOPMENT_ASSET_PATHS = "\"Easymode/Preview Content\"";
				DEVELOPMENT_TEAM = Z4483T87CP;
				ENABLE_PREVIEWS = YES;
				GENERATE_INFOPLIST_FILE = YES;
				INFOPLIST_KEY_CFBundleDisplayName = Easymode;
				INFOPLIST_KEY_NSFamilyControlsUsageDescription = "Easymode needs access to Screen Time to block distracting apps during your focus sessions.";
				INFOPLIST_KEY_NSSupportsLiveActivities = YES;
				INFOPLIST_KEY_UIApplicationSceneManifest_Generation = YES;
				INFOPLIST_KEY_UIApplicationSupportsIndirectInputEvents = YES;
				INFOPLIST_KEY_UILaunchScreen_Generation = YES;
				INFOPLIST_KEY_UISupportedInterfaceOrientations_iPad = "UIInterfaceOrientationPortrait UIInterfaceOrientationPortraitUpsideDown UIInterfaceOrientationLandscapeLeft UIInterfaceOrientationLandscapeRight";
				INFOPLIST_KEY_UISupportedInterfaceOrientations_iPhone = "UIInterfaceOrientationPortrait UIInterfaceOrientationLandscapeLeft UIInterfaceOrientationLandscapeRight";
				IPHONEOS_DEPLOYMENT_TARGET = 17.6;
				LD_RUNPATH_SEARCH_PATHS = (
					"$(inherited)",
					"@executable_path/Frameworks",
				);
				MARKETING_VERSION = 1.0;
				PRODUCT_BUNDLE_IDENTIFIER = name.erikkernan.easymode;
				PRODUCT_NAME = "$(TARGET_NAME)";
				SWIFT_EMIT_LOC_STRINGS = YES;
				SWIFT_VERSION = 5.0;
				TARGETED_DEVICE_FAMILY = "1,2";
			};
			name = Debug;
		};
		261D264D2D93AF410018E489 /* Release */ = {
			isa = XCBuildConfiguration;
			buildSettings = {
				ASSETCATALOG_COMPILER_APPICON_NAME = AppIcon;
				ASSETCATALOG_COMPILER_GLOBAL_ACCENT_COLOR_NAME = AccentColor;
				CODE_SIGN_ENTITLEMENTS = Easymode/Easymode.entitlements;
				CODE_SIGN_STYLE = Automatic;
				CURRENT_PROJECT_VERSION = 1;
				DEVELOPMENT_ASSET_PATHS = "\"Easymode/Preview Content\"";
				DEVELOPMENT_TEAM = Z4483T87CP;
				ENABLE_PREVIEWS = YES;
				GENERATE_INFOPLIST_FILE = YES;
				INFOPLIST_KEY_CFBundleDisplayName = Easymode;
				INFOPLIST_KEY_NSFamilyControlsUsageDescription = "Easymode needs access to Screen Time to block distracting apps during your focus sessions.";
				INFOPLIST_KEY_NSSupportsLiveActivities = YES;
				INFOPLIST_KEY_UIApplicationSceneManifest_Generation = YES;
				INFOPLIST_KEY_UIApplicationSupportsIndirectInputEvents = YES;
				INFOPLIST_KEY_UILaunchScreen_Generation = YES;
				INFOPLIST_KEY_UISupportedInterfaceOrientations_iPad = "UIInterfaceOrientationPortrait UIInterfaceOrientationPortraitUpsideDown UIInterfaceOrientationLandscapeLeft UIInterfaceOrientationLandscapeRight";
				INFOPLIST_KEY_UISupportedInterfaceOrientations_iPhone = "UIInterfaceOrientationPortrait UIInterfaceOrientationLandscapeLeft UIInterfaceOrientationLandscapeRight";
				IPHONEOS_DEPLOYMENT_TARGET = 17.6;
				LD_RUNPATH_SEARCH_PATHS = (
					"$(inherited)",
					"@executable_path/Frameworks",
				);
				MARKETING_VERSION = 1.0;
				PRODUCT_BUNDLE_IDENTIFIER = name.erikkernan.easymode;
				PRODUCT_NAME = "$(TARGET_NAME)";
				SWIFT_EMIT_LOC_STRINGS = YES;
				SWIFT_VERSION = 5.0;
				TARGETED_DEVICE_FAMILY = "1,2";
			};
			name = Release;
		};
		261D264F2D93AF410018E489 /* Debug */ = {
			isa = XCBuildConfiguration;
			buildSettings = {
				BUNDLE_LOADER = "$(TEST_HOST)";
				CODE_SIGN_STYLE = Automatic;
				CURRENT_PROJECT_VERSION = 1;
				DEVELOPMENT_TEAM = Z4483T87CP;
				GENERATE_INFOPLIST_FILE = YES;
				IPHONEOS_DEPLOYMENT_TARGET = 18.2;
				MARKETING_VERSION = 1.0;
				PRODUCT_BUNDLE_IDENTIFIER = name.erikkernan.easymode.tests;
				PRODUCT_NAME = "$(TARGET_NAME)";
				SWIFT_EMIT_LOC_STRINGS = NO;
				SWIFT_VERSION = 5.0;
				TARGETED_DEVICE_FAMILY = "1,2";
				TEST_HOST = "$(BUILT_PRODUCTS_DIR)/Easymode.app/$(BUNDLE_EXECUTABLE_FOLDER_PATH)/Easymode";
			};
			name = Debug;
		};
		261D26502D93AF410018E489 /* Release */ = {
			isa = XCBuildConfiguration;
			buildSettings = {
				BUNDLE_LOADER = "$(TEST_HOST)";
				CODE_SIGN_STYLE = Automatic;
				CURRENT_PROJECT_VERSION = 1;
				DEVELOPMENT_TEAM = Z4483T87CP;
				GENERATE_INFOPLIST_FILE = YES;
				IPHONEOS_DEPLOYMENT_TARGET = 18.2;
				MARKETING_VERSION = 1.0;
				PRODUCT_BUNDLE_IDENTIFIER = name.erikkernan.easymode.tests;
				PRODUCT_NAME = "$(TARGET_NAME)";
				SWIFT_EMIT_LOC_STRINGS = NO;
				SWIFT_VERSION = 5.0;
				TARGETED_DEVICE_FAMILY = "1,2";
				TEST_HOST = "$(BUILT_PRODUCTS_DIR)/Easymode.app/$(BUNDLE_EXECUTABLE_FOLDER_PATH)/Easymode";
			};
			name = Release;
		};
		261D26522D93AF410018E489 /* Debug */ = {
			isa = XCBuildConfiguration;
			buildSettings = {
				CODE_SIGN_STYLE = Automatic;
				CURRENT_PROJECT_VERSION = 1;
				DEVELOPMENT_TEAM = Z4483T87CP;
				GENERATE_INFOPLIST_FILE = YES;
				MARKETING_VERSION = 1.0;
				PRODUCT_BUNDLE_IDENTIFIER = name.erikkernan.easymode.uitests;
				PRODUCT_NAME = "$(TARGET_NAME)";
				SWIFT_EMIT_LOC_STRINGS = NO;
				SWIFT_VERSION = 5.0;
				TARGETED_DEVICE_FAMILY = "1,2";
				TEST_TARGET_NAME = Easymode;
			};
			name = Debug;
		};
		261D26532D93AF410018E489 /* Release */ = {
			isa = XCBuildConfiguration;
			buildSettings = {
				CODE_SIGN_STYLE = Automatic;
				CURRENT_PROJECT_VERSION = 1;
				DEVELOPMENT_TEAM = Z4483T87CP;
				GENERATE_INFOPLIST_FILE = YES;
				MARKETING_VERSION = 1.0;
				PRODUCT_BUNDLE_IDENTIFIER = name.erikkernan.easymode.uitests;
				PRODUCT_NAME = "$(TARGET_NAME)";
				SWIFT_EMIT_LOC_STRINGS = NO;
				SWIFT_VERSION = 5.0;
				TARGETED_DEVICE_FAMILY = "1,2";
				TEST_TARGET_NAME = Easymode;
			};
			name = Release;
		};
		A10000A12F5700010086FF5F /* Debug */ = {
			isa = XCBuildConfiguration;
			buildSettings = {
				APPLICATION_EXTENSION_API_ONLY = YES;
				CODE_SIGN_ENTITLEMENTS = DeviceActivityMonitorExtension/DeviceActivityMonitorExtension.entitlements;
				CODE_SIGN_STYLE = Automatic;
				CURRENT_PROJECT_VERSION = 1;
				DEVELOPMENT_TEAM = Z4483T87CP;
				ENABLE_DEBUG_DYLIB = NO;
				GENERATE_INFOPLIST_FILE = NO;
				INFOPLIST_FILE = DeviceActivityMonitorExtension/Info.plist;
				IPHONEOS_DEPLOYMENT_TARGET = 17.6;
				LD_RUNPATH_SEARCH_PATHS = (
					"$(inherited)",
					"@executable_path/Frameworks",
					"@executable_path/../../Frameworks",
				);
				MARKETING_VERSION = 1.0;
				PRODUCT_BUNDLE_IDENTIFIER = name.erikkernan.easymode.DeviceActivityMonitorExtension;
				PRODUCT_NAME = "$(TARGET_NAME)";
				SKIP_INSTALL = YES;
				SWIFT_EMIT_LOC_STRINGS = NO;
				SWIFT_VERSION = 5.0;
				TARGETED_DEVICE_FAMILY = "1,2";
			};
			name = Debug;
		};
		A10000A22F5700010086FF5F /* Release */ = {
			isa = XCBuildConfiguration;
			buildSettings = {
				APPLICATION_EXTENSION_API_ONLY = YES;
				CODE_SIGN_ENTITLEMENTS = DeviceActivityMonitorExtension/DeviceActivityMonitorExtension.entitlements;
				CODE_SIGN_STYLE = Automatic;
				CURRENT_PROJECT_VERSION = 1;
				DEVELOPMENT_TEAM = Z4483T87CP;
				GENERATE_INFOPLIST_FILE = NO;
				INFOPLIST_FILE = DeviceActivityMonitorExtension/Info.plist;
				IPHONEOS_DEPLOYMENT_TARGET = 17.6;
				LD_RUNPATH_SEARCH_PATHS = (
					"$(inherited)",
					"@executable_path/Frameworks",
					"@executable_path/../../Frameworks",
				);
				MARKETING_VERSION = 1.0;
				PRODUCT_BUNDLE_IDENTIFIER = name.erikkernan.easymode.DeviceActivityMonitorExtension;
				PRODUCT_NAME = "$(TARGET_NAME)";
				SKIP_INSTALL = YES;
				SWIFT_EMIT_LOC_STRINGS = NO;
				SWIFT_VERSION = 5.0;
				TARGETED_DEVICE_FAMILY = "1,2";
			};
			name = Release;
		};
		A10000A32F5700010086FF5F /* Debug */ = {
			isa = XCBuildConfiguration;
			buildSettings = {
				APPLICATION_EXTENSION_API_ONLY = YES;
				CODE_SIGN_ENTITLEMENTS = ShieldConfigurationExtension/ShieldConfigurationExtension.entitlements;
				CODE_SIGN_STYLE = Automatic;
				CURRENT_PROJECT_VERSION = 1;
				DEVELOPMENT_TEAM = Z4483T87CP;
				ENABLE_DEBUG_DYLIB = NO;
				GENERATE_INFOPLIST_FILE = NO;
				INFOPLIST_FILE = ShieldConfigurationExtension/Info.plist;
				IPHONEOS_DEPLOYMENT_TARGET = 17.6;
				LD_RUNPATH_SEARCH_PATHS = (
					"$(inherited)",
					"@executable_path/Frameworks",
					"@executable_path/../../Frameworks",
				);
				MARKETING_VERSION = 1.0;
				PRODUCT_BUNDLE_IDENTIFIER = name.erikkernan.easymode.ShieldConfigurationExtension;
				PRODUCT_NAME = "$(TARGET_NAME)";
				SKIP_INSTALL = YES;
				SWIFT_EMIT_LOC_STRINGS = NO;
				SWIFT_VERSION = 5.0;
				TARGETED_DEVICE_FAMILY = "1,2";
			};
			name = Debug;
		};
		A10000A42F5700010086FF5F /* Release */ = {
			isa = XCBuildConfiguration;
			buildSettings = {
				APPLICATION_EXTENSION_API_ONLY = YES;
				CODE_SIGN_ENTITLEMENTS = ShieldConfigurationExtension/ShieldConfigurationExtension.entitlements;
				CODE_SIGN_STYLE = Automatic;
				CURRENT_PROJECT_VERSION = 1;
				DEVELOPMENT_TEAM = Z4483T87CP;
				GENERATE_INFOPLIST_FILE = NO;
				INFOPLIST_FILE = ShieldConfigurationExtension/Info.plist;
				IPHONEOS_DEPLOYMENT_TARGET = 17.6;
				LD_RUNPATH_SEARCH_PATHS = (
					"$(inherited)",
					"@executable_path/Frameworks",
					"@executable_path/../../Frameworks",
				);
				MARKETING_VERSION = 1.0;
				PRODUCT_BUNDLE_IDENTIFIER = name.erikkernan.easymode.ShieldConfigurationExtension;
				PRODUCT_NAME = "$(TARGET_NAME)";
				SKIP_INSTALL = YES;
				SWIFT_EMIT_LOC_STRINGS = NO;
				SWIFT_VERSION = 5.0;
				TARGETED_DEVICE_FAMILY = "1,2";
			};
			name = Release;
		};
		A10000A52F5700010086FF5F /* Debug */ = {
			isa = XCBuildConfiguration;
			buildSettings = {
				APPLICATION_EXTENSION_API_ONLY = YES;
				CODE_SIGN_ENTITLEMENTS = ShieldActionExtension/ShieldActionExtension.entitlements;
				CODE_SIGN_STYLE = Automatic;
				CURRENT_PROJECT_VERSION = 1;
				DEVELOPMENT_TEAM = Z4483T87CP;
				ENABLE_DEBUG_DYLIB = NO;
				GENERATE_INFOPLIST_FILE = NO;
				INFOPLIST_FILE = ShieldActionExtension/Info.plist;
				IPHONEOS_DEPLOYMENT_TARGET = 17.6;
				LD_RUNPATH_SEARCH_PATHS = (
					"$(inherited)",
					"@executable_path/Frameworks",
					"@executable_path/../../Frameworks",
				);
				MARKETING_VERSION = 1.0;
				PRODUCT_BUNDLE_IDENTIFIER = name.erikkernan.easymode.ShieldActionExtension;
				PRODUCT_NAME = "$(TARGET_NAME)";
				SKIP_INSTALL = YES;
				SWIFT_EMIT_LOC_STRINGS = NO;
				SWIFT_VERSION = 5.0;
				TARGETED_DEVICE_FAMILY = "1,2";
			};
			name = Debug;
		};
		A10000A62F5700010086FF5F /* Release */ = {
			isa = XCBuildConfiguration;
			buildSettings = {
				APPLICATION_EXTENSION_API_ONLY = YES;
				CODE_SIGN_ENTITLEMENTS = ShieldActionExtension/ShieldActionExtension.entitlements;
				CODE_SIGN_STYLE = Automatic;
				CURRENT_PROJECT_VERSION = 1;
				DEVELOPMENT_TEAM = Z4483T87CP;
				GENERATE_INFOPLIST_FILE = NO;
				INFOPLIST_FILE = ShieldActionExtension/Info.plist;
				IPHONEOS_DEPLOYMENT_TARGET = 17.6;
				LD_RUNPATH_SEARCH_PATHS = (
					"$(inherited)",
					"@executable_path/Frameworks",
					"@executable_path/../../Frameworks",
				);
				MARKETING_VERSION = 1.0;
				PRODUCT_BUNDLE_IDENTIFIER = name.erikkernan.easymode.ShieldActionExtension;
				PRODUCT_NAME = "$(TARGET_NAME)";
				SKIP_INSTALL = YES;
				SWIFT_EMIT_LOC_STRINGS = NO;
				SWIFT_VERSION = 5.0;
				TARGETED_DEVICE_FAMILY = "1,2";
			};
			name = Release;
		};
		LA0000A12F5700010086FF5F /* Debug */ = {
			isa = XCBuildConfiguration;
			buildSettings = {
				APPLICATION_EXTENSION_API_ONLY = YES;
				CODE_SIGN_ENTITLEMENTS = EasyModeLiveActivity/EasyModeLiveActivity.entitlements;
				CODE_SIGN_STYLE = Automatic;
				CURRENT_PROJECT_VERSION = 1;
				DEVELOPMENT_TEAM = Z4483T87CP;
				ENABLE_DEBUG_DYLIB = NO;
				GENERATE_INFOPLIST_FILE = NO;
				INFOPLIST_FILE = EasyModeLiveActivity/Info.plist;
				IPHONEOS_DEPLOYMENT_TARGET = 17.6;
				LD_RUNPATH_SEARCH_PATHS = (
					"$(inherited)",
					"@executable_path/Frameworks",
					"@executable_path/../../Frameworks",
				);
				MARKETING_VERSION = 1.0;
				PRODUCT_BUNDLE_IDENTIFIER = name.erikkernan.easymode.EasyModeLiveActivity;
				PRODUCT_NAME = "$(TARGET_NAME)";
				SKIP_INSTALL = YES;
				SWIFT_EMIT_LOC_STRINGS = NO;
				SWIFT_VERSION = 5.0;
				TARGETED_DEVICE_FAMILY = "1,2";
			};
			name = Debug;
		};
		LA0000A22F5700010086FF5F /* Release */ = {
			isa = XCBuildConfiguration;
			buildSettings = {
				APPLICATION_EXTENSION_API_ONLY = YES;
				CODE_SIGN_ENTITLEMENTS = EasyModeLiveActivity/EasyModeLiveActivity.entitlements;
				CODE_SIGN_STYLE = Automatic;
				CURRENT_PROJECT_VERSION = 1;
				DEVELOPMENT_TEAM = Z4483T87CP;
				GENERATE_INFOPLIST_FILE = NO;
				INFOPLIST_FILE = EasyModeLiveActivity/Info.plist;
				IPHONEOS_DEPLOYMENT_TARGET = 17.6;
				LD_RUNPATH_SEARCH_PATHS = (
					"$(inherited)",
					"@executable_path/Frameworks",
					"@executable_path/../../Frameworks",
				);
				MARKETING_VERSION = 1.0;
				PRODUCT_BUNDLE_IDENTIFIER = name.erikkernan.easymode.EasyModeLiveActivity;
				PRODUCT_NAME = "$(TARGET_NAME)";
				SKIP_INSTALL = YES;
				SWIFT_EMIT_LOC_STRINGS = NO;
				SWIFT_VERSION = 5.0;
				TARGETED_DEVICE_FAMILY = "1,2";
			};
			name = Release;
		};
/* End XCBuildConfiguration section */

/* Begin XCConfigurationList section */
		261D26202D93AF400018E489 /* Build configuration list for PBXProject "easy-mode" */ = {
			isa = XCConfigurationList;
			buildConfigurations = (
				261D26492D93AF410018E489 /* Debug */,
				261D264A2D93AF410018E489 /* Release */,
			);
			defaultConfigurationIsVisible = 0;
			defaultConfigurationName = Release;
		};
		261D264B2D93AF410018E489 /* Build configuration list for PBXNativeTarget "Easymode" */ = {
			isa = XCConfigurationList;
			buildConfigurations = (
				261D264C2D93AF410018E489 /* Debug */,
				261D264D2D93AF410018E489 /* Release */,
			);
			defaultConfigurationIsVisible = 0;
			defaultConfigurationName = Release;
		};
		261D264E2D93AF410018E489 /* Build configuration list for PBXNativeTarget "EasymodeTests" */ = {
			isa = XCConfigurationList;
			buildConfigurations = (
				261D264F2D93AF410018E489 /* Debug */,
				261D26502D93AF410018E489 /* Release */,
			);
			defaultConfigurationIsVisible = 0;
			defaultConfigurationName = Release;
		};
		261D26512D93AF410018E489 /* Build configuration list for PBXNativeTarget "EasymodeUITests" */ = {
			isa = XCConfigurationList;
			buildConfigurations = (
				261D26522D93AF410018E489 /* Debug */,
				261D26532D93AF410018E489 /* Release */,
			);
			defaultConfigurationIsVisible = 0;
			defaultConfigurationName = Release;
		};
		A10000B12F5700010086FF5F /* Build configuration list for PBXNativeTarget "DeviceActivityMonitorExtension" */ = {
			isa = XCConfigurationList;
			buildConfigurations = (
				A10000A12F5700010086FF5F /* Debug */,
				A10000A22F5700010086FF5F /* Release */,
			);
			defaultConfigurationIsVisible = 0;
			defaultConfigurationName = Release;
		};
		A10000B22F5700010086FF5F /* Build configuration list for PBXNativeTarget "ShieldConfigurationExtension" */ = {
			isa = XCConfigurationList;
			buildConfigurations = (
				A10000A32F5700010086FF5F /* Debug */,
				A10000A42F5700010086FF5F /* Release */,
			);
			defaultConfigurationIsVisible = 0;
			defaultConfigurationName = Release;
		};
		A10000B32F5700010086FF5F /* Build configuration list for PBXNativeTarget "ShieldActionExtension" */ = {
			isa = XCConfigurationList;
			buildConfigurations = (
				A10000A52F5700010086FF5F /* Debug */,
				A10000A62F5700010086FF5F /* Release */,
			);
			defaultConfigurationIsVisible = 0;
			defaultConfigurationName = Release;
		};
		LA0000B12F5700010086FF5F /* Build configuration list for PBXNativeTarget "EasyModeLiveActivity" */ = {
			isa = XCConfigurationList;
			buildConfigurations = (
				LA0000A12F5700010086FF5F /* Debug */,
				LA0000A22F5700010086FF5F /* Release */,
			);
			defaultConfigurationIsVisible = 0;
			defaultConfigurationName = Release;
		};
/* End XCConfigurationList section */
	};
	rootObject = 261D261D2D93AF400018E489 /* Project object */;
}
